
Microsoft Visual Studio Solution File, Format Version 12.00
# Visual Studio Version 17
VisualStudioVersion = 17.12.35506.116 d17.12
MinimumVisualStudioVersion = 10.0.40219.1
Project("{FAE04EC0-301F-11D3-BF4B-00C04F79EFBC}") = "VirtualPet", "VirtualPet\VirtualPet.csproj", "{B1AAA800-EDC6-4788-A365-E2ED7FED4BCA}"
EndProject
Global
	GlobalSection(SolutionConfigurationPlatforms) = preSolution
		Debug|Any CPU = Debug|Any CPU
		Release|Any CPU = Release|Any CPU
	EndGlobalSection
	GlobalSection(ProjectConfigurationPlatforms) = postSolution
		{B1AAA800-EDC6-4788-A365-E2ED7FED4BCA}.Debug|Any CPU.ActiveCfg = Debug|Any CPU
		{B1AAA800-EDC6-4788-A365-E2ED7FED4BCA}.Debug|Any CPU.Build.0 = Debug|Any CPU
		{B1AAA800-EDC6-4788-A365-E2ED7FED4BCA}.Release|Any CPU.ActiveCfg = Release|Any CPU
		{B1AAA800-EDC6-4788-A365-E2ED7FED4BCA}.Release|Any CPU.Build.0 = Release|Any CPU
	EndGlobalSection
	GlobalSection(SolutionProperties) = preSolution
		HideSolutionNode = FALSE
	EndGlobalSection
EndGlobal
